
Microsoft Visual Studio Solution File, Format Version 12.00
# Visual Studio Version 17
VisualStudioVersion = 17.10.35013.160
MinimumVisualStudioVersion = 10.0.40219.1
Project("{2150E333-8FDC-42A3-9474-1A3956D46DE8}") = "Services", "Services", "{504C8B8F-90D2-4709-B951-DB99C397087C}"
EndProject
Project("{2150E333-8FDC-42A3-9474-1A3956D46DE8}") = "Catalog", "Catalog", "{C4FA99EA-7040-4FC2-8BC6-70519A5B744D}"
EndProject
Project("{9A19103F-16F7-4668-BE54-9A1E7A4F7556}") = "MultiShop.Catalog", "Services\Catalog\MultiShop.Catalog\MultiShop.Catalog.csproj", "{DD0B4A26-21AD-4ACF-852F-984E4D981480}"
EndProject
Project("{2150E333-8FDC-42A3-9474-1A3956D46DE8}") = "Discount", "Discount", "{E6353BC5-3424-49B4-B635-306E8F80D2B0}"
EndProject
Project("{9A19103F-16F7-4668-BE54-9A1E7A4F7556}") = "MultiShop.Discount", "Services\Discount\MultiShop.Discount\MultiShop.Discount.csproj", "{F27D5BAE-4E14-4C3B-B436-BAD0C367AED2}"
EndProject
Project("{2150E333-8FDC-42A3-9474-1A3956D46DE8}") = "Order", "Order", "{383CEE42-D294-4B8E-848C-D95E0BE4BA55}"
EndProject
Project("{2150E333-8FDC-42A3-9474-1A3956D46DE8}") = "Core", "Core", "{2C687A7A-0A65-4816-AA4D-3D37B3337CEB}"
EndProject
Project("{2150E333-8FDC-42A3-9474-1A3956D46DE8}") = "Infrastructure", "Infrastructure", "{14392C66-1FA4-4E00-85C3-774638E43420}"
EndProject
Project("{2150E333-8FDC-42A3-9474-1A3956D46DE8}") = "Presentation", "Presentation", "{A8B34D9F-F86A-496F-9EF5-BC7DE28788D3}"
EndProject
Project("{9A19103F-16F7-4668-BE54-9A1E7A4F7556}") = "MultiShop.Order.Domain", "Services\Order\Core\MultiShop.Order.Domain\MultiShop.Order.Domain.csproj", "{4F7F2461-0879-4F3B-B850-79CE65EC34DE}"
EndProject
Project("{9A19103F-16F7-4668-BE54-9A1E7A4F7556}") = "MultiShop.Order.Application", "Services\Order\Core\MultiShop.Order.Application\MultiShop.Order.Application.csproj", "{71E09C9C-821C-4348-8A8F-D47D7130D6FF}"
EndProject
Project("{9A19103F-16F7-4668-BE54-9A1E7A4F7556}") = "MultiShop.Order.Persistence", "Services\Order\Infrastructure\MultiShop.Order.Persistence\MultiShop.Order.Persistence.csproj", "{898BF724-B0F0-4256-917C-BE6B2D83FD94}"
EndProject
Project("{9A19103F-16F7-4668-BE54-9A1E7A4F7556}") = "MultiShop.Order.WebApi", "Services\Order\Presentation\MultiShop.Order.WebApi\MultiShop.Order.WebApi.csproj", "{4B04B963-5D61-476D-8616-3DD6B05F90F5}"
EndProject
Project("{2150E333-8FDC-42A3-9474-1A3956D46DE8}") = "IdentityServer", "IdentityServer", "{94F0888B-F7CE-4C50-9CDE-80B1EDEC5F76}"
EndProject
Project("{9A19103F-16F7-4668-BE54-9A1E7A4F7556}") = "MultiShop.IdentityServer", "IdentityServer\MultiShop.IdentityServer\MultiShop.IdentityServer.csproj", "{59A8027C-F3CB-4390-AA77-CBB97C41FED4}"
EndProject
Global
	GlobalSection(SolutionConfigurationPlatforms) = preSolution
		Debug|Any CPU = Debug|Any CPU
		Release|Any CPU = Release|Any CPU
	EndGlobalSection
	GlobalSection(ProjectConfigurationPlatforms) = postSolution
		{DD0B4A26-21AD-4ACF-852F-984E4D981480}.Debug|Any CPU.ActiveCfg = Debug|Any CPU
		{DD0B4A26-21AD-4ACF-852F-984E4D981480}.Debug|Any CPU.Build.0 = Debug|Any CPU
		{DD0B4A26-21AD-4ACF-852F-984E4D981480}.Release|Any CPU.ActiveCfg = Release|Any CPU
		{DD0B4A26-21AD-4ACF-852F-984E4D981480}.Release|Any CPU.Build.0 = Release|Any CPU
		{F27D5BAE-4E14-4C3B-B436-BAD0C367AED2}.Debug|Any CPU.ActiveCfg = Debug|Any CPU
		{F27D5BAE-4E14-4C3B-B436-BAD0C367AED2}.Debug|Any CPU.Build.0 = Debug|Any CPU
		{F27D5BAE-4E14-4C3B-B436-BAD0C367AED2}.Release|Any CPU.ActiveCfg = Release|Any CPU
		{F27D5BAE-4E14-4C3B-B436-BAD0C367AED2}.Release|Any CPU.Build.0 = Release|Any CPU
		{4F7F2461-0879-4F3B-B850-79CE65EC34DE}.Debug|Any CPU.ActiveCfg = Debug|Any CPU
		{4F7F2461-0879-4F3B-B850-79CE65EC34DE}.Debug|Any CPU.Build.0 = Debug|Any CPU
		{4F7F2461-0879-4F3B-B850-79CE65EC34DE}.Release|Any CPU.ActiveCfg = Release|Any CPU
		{4F7F2461-0879-4F3B-B850-79CE65EC34DE}.Release|Any CPU.Build.0 = Release|Any CPU
		{71E09C9C-821C-4348-8A8F-D47D7130D6FF}.Debug|Any CPU.ActiveCfg = Debug|Any CPU
		{71E09C9C-821C-4348-8A8F-D47D7130D6FF}.Debug|Any CPU.Build.0 = Debug|Any CPU
		{71E09C9C-821C-4348-8A8F-D47D7130D6FF}.Release|Any CPU.ActiveCfg = Release|Any CPU
		{71E09C9C-821C-4348-8A8F-D47D7130D6FF}.Release|Any CPU.Build.0 = Release|Any CPU
		{898BF724-B0F0-4256-917C-BE6B2D83FD94}.Debug|Any CPU.ActiveCfg = Debug|Any CPU
		{898BF724-B0F0-4256-917C-BE6B2D83FD94}.Debug|Any CPU.Build.0 = Debug|Any CPU
		{898BF724-B0F0-4256-917C-BE6B2D83FD94}.Release|Any CPU.ActiveCfg = Release|Any CPU
		{898BF724-B0F0-4256-917C-BE6B2D83FD94}.Release|Any CPU.Build.0 = Release|Any CPU
		{4B04B963-5D61-476D-8616-3DD6B05F90F5}.Debug|Any CPU.ActiveCfg = Debug|Any CPU
		{4B04B963-5D61-476D-8616-3DD6B05F90F5}.Debug|Any CPU.Build.0 = Debug|Any CPU
		{4B04B963-5D61-476D-8616-3DD6B05F90F5}.Release|Any CPU.ActiveCfg = Release|Any CPU
		{4B04B963-5D61-476D-8616-3DD6B05F90F5}.Release|Any CPU.Build.0 = Release|Any CPU
		{59A8027C-F3CB-4390-AA77-CBB97C41FED4}.Debug|Any CPU.ActiveCfg = Debug|Any CPU
		{59A8027C-F3CB-4390-AA77-CBB97C41FED4}.Debug|Any CPU.Build.0 = Debug|Any CPU
		{59A8027C-F3CB-4390-AA77-CBB97C41FED4}.Release|Any CPU.ActiveCfg = Release|Any CPU
		{59A8027C-F3CB-4390-AA77-CBB97C41FED4}.Release|Any CPU.Build.0 = Release|Any CPU
	EndGlobalSection
	GlobalSection(SolutionProperties) = preSolution
		HideSolutionNode = FALSE
	EndGlobalSection
	GlobalSection(NestedProjects) = preSolution
		{C4FA99EA-7040-4FC2-8BC6-70519A5B744D} = {504C8B8F-90D2-4709-B951-DB99C397087C}
		{DD0B4A26-21AD-4ACF-852F-984E4D981480} = {C4FA99EA-7040-4FC2-8BC6-70519A5B744D}
		{E6353BC5-3424-49B4-B635-306E8F80D2B0} = {504C8B8F-90D2-4709-B951-DB99C397087C}
		{F27D5BAE-4E14-4C3B-B436-BAD0C367AED2} = {E6353BC5-3424-49B4-B635-306E8F80D2B0}
		{383CEE42-D294-4B8E-848C-D95E0BE4BA55} = {504C8B8F-90D2-4709-B951-DB99C397087C}
		{2C687A7A-0A65-4816-AA4D-3D37B3337CEB} = {383CEE42-D294-4B8E-848C-D95E0BE4BA55}
		{14392C66-1FA4-4E00-85C3-774638E43420} = {383CEE42-D294-4B8E-848C-D95E0BE4BA55}
		{A8B34D9F-F86A-496F-9EF5-BC7DE28788D3} = {383CEE42-D294-4B8E-848C-D95E0BE4BA55}
		{4F7F2461-0879-4F3B-B850-79CE65EC34DE} = {2C687A7A-0A65-4816-AA4D-3D37B3337CEB}
		{71E09C9C-821C-4348-8A8F-D47D7130D6FF} = {2C687A7A-0A65-4816-AA4D-3D37B3337CEB}
		{898BF724-B0F0-4256-917C-BE6B2D83FD94} = {14392C66-1FA4-4E00-85C3-774638E43420}
		{4B04B963-5D61-476D-8616-3DD6B05F90F5} = {A8B34D9F-F86A-496F-9EF5-BC7DE28788D3}
		{59A8027C-F3CB-4390-AA77-CBB97C41FED4} = {94F0888B-F7CE-4C50-9CDE-80B1EDEC5F76}
	EndGlobalSection
	GlobalSection(ExtensibilityGlobals) = postSolution
		SolutionGuid = {D05ABF4A-026D-4C2B-8177-96B89F0650D4}
	EndGlobalSection
EndGlobal
